
Microsoft Visual Studio Solution File, Format Version 12.00
# Visual Studio 15
VisualStudioVersion = 15.0.27004.2009
MinimumVisualStudioVersion = 10.0.40219.1
Project("{2150E333-8FDC-42A3-9474-1A3956D46DE8}") = "src", "src", "{4007A832-D6CF-4359-ACCC-F288C9DDBF12}"
EndProject
Project("{2150E333-8FDC-42A3-9474-1A3956D46DE8}") = "test", "test", "{6EC59A06-3CC2-4CAF-8191-9A68DB37EB10}"
EndProject
Project("{9A19103F-16F7-4668-BE54-9A1E7A4F7556}") = "Document.Api", "src\Document.Api\Document.Api.csproj", "{0BEF5311-B49F-4A12-AC0D-BE6DB90201B2}"
EndProject
Project("{9A19103F-16F7-4668-BE54-9A1E7A4F7556}") = "Document.Data", "src\Document.Data\Document.Data.csproj", "{2676B08C-B09F-4E21-8403-D77298F554D3}"
EndProject
Project("{9A19103F-16F7-4668-BE54-9A1E7A4F7556}") = "Document.Identity", "src\Document.Identity\Document.Identity.csproj", "{A2F8C5E1-8A8D-4995-BE28-25B1C945054F}"
EndProject
Project("{9A19103F-16F7-4668-BE54-9A1E7A4F7556}") = "Document.Common", "src\Document.Common\Document.Common.csproj", "{3E6143AF-C72A-4F35-94A7-977912B7D897}"
EndProject
Project("{9A19103F-16F7-4668-BE54-9A1E7A4F7556}") = "Document.Identity.Test", "test\Document.Identity.UnitTest\Document.Identity.Test.csproj", "{0DD81E8D-AC3C-4743-BCFC-38E8AB8E4FA8}"
EndProject
Project("{FAE04EC0-301F-11D3-BF4B-00C04F79EFBC}") = "Document.Api.Test", "test\Document.Api.Test\Document.Api.Test.csproj", "{FBE8E343-413D-47BA-834C-9E07ACB8EE52}"
EndProject
Global
	GlobalSection(SolutionConfigurationPlatforms) = preSolution
		Debug|Any CPU = Debug|Any CPU
		Release|Any CPU = Release|Any CPU
	EndGlobalSection
	GlobalSection(ProjectConfigurationPlatforms) = postSolution
		{0BEF5311-B49F-4A12-AC0D-BE6DB90201B2}.Debug|Any CPU.ActiveCfg = Debug|Any CPU
		{0BEF5311-B49F-4A12-AC0D-BE6DB90201B2}.Debug|Any CPU.Build.0 = Debug|Any CPU
		{0BEF5311-B49F-4A12-AC0D-BE6DB90201B2}.Release|Any CPU.ActiveCfg = Release|Any CPU
		{0BEF5311-B49F-4A12-AC0D-BE6DB90201B2}.Release|Any CPU.Build.0 = Release|Any CPU
		{2676B08C-B09F-4E21-8403-D77298F554D3}.Debug|Any CPU.ActiveCfg = Debug|Any CPU
		{2676B08C-B09F-4E21-8403-D77298F554D3}.Debug|Any CPU.Build.0 = Debug|Any CPU
		{2676B08C-B09F-4E21-8403-D77298F554D3}.Release|Any CPU.ActiveCfg = Release|Any CPU
		{2676B08C-B09F-4E21-8403-D77298F554D3}.Release|Any CPU.Build.0 = Release|Any CPU
		{A2F8C5E1-8A8D-4995-BE28-25B1C945054F}.Debug|Any CPU.ActiveCfg = Debug|Any CPU
		{A2F8C5E1-8A8D-4995-BE28-25B1C945054F}.Debug|Any CPU.Build.0 = Debug|Any CPU
		{A2F8C5E1-8A8D-4995-BE28-25B1C945054F}.Release|Any CPU.ActiveCfg = Release|Any CPU
		{A2F8C5E1-8A8D-4995-BE28-25B1C945054F}.Release|Any CPU.Build.0 = Release|Any CPU
		{3E6143AF-C72A-4F35-94A7-977912B7D897}.Debug|Any CPU.ActiveCfg = Debug|Any CPU
		{3E6143AF-C72A-4F35-94A7-977912B7D897}.Debug|Any CPU.Build.0 = Debug|Any CPU
		{3E6143AF-C72A-4F35-94A7-977912B7D897}.Release|Any CPU.ActiveCfg = Release|Any CPU
		{3E6143AF-C72A-4F35-94A7-977912B7D897}.Release|Any CPU.Build.0 = Release|Any CPU
		{0DD81E8D-AC3C-4743-BCFC-38E8AB8E4FA8}.Debug|Any CPU.ActiveCfg = Debug|Any CPU
		{0DD81E8D-AC3C-4743-BCFC-38E8AB8E4FA8}.Debug|Any CPU.Build.0 = Debug|Any CPU
		{0DD81E8D-AC3C-4743-BCFC-38E8AB8E4FA8}.Release|Any CPU.ActiveCfg = Release|Any CPU
		{0DD81E8D-AC3C-4743-BCFC-38E8AB8E4FA8}.Release|Any CPU.Build.0 = Release|Any CPU
		{FBE8E343-413D-47BA-834C-9E07ACB8EE52}.Debug|Any CPU.ActiveCfg = Debug|Any CPU
		{FBE8E343-413D-47BA-834C-9E07ACB8EE52}.Debug|Any CPU.Build.0 = Debug|Any CPU
		{FBE8E343-413D-47BA-834C-9E07ACB8EE52}.Release|Any CPU.ActiveCfg = Release|Any CPU
		{FBE8E343-413D-47BA-834C-9E07ACB8EE52}.Release|Any CPU.Build.0 = Release|Any CPU
	EndGlobalSection
	GlobalSection(SolutionProperties) = preSolution
		HideSolutionNode = FALSE
	EndGlobalSection
	GlobalSection(NestedProjects) = preSolution
		{0BEF5311-B49F-4A12-AC0D-BE6DB90201B2} = {4007A832-D6CF-4359-ACCC-F288C9DDBF12}
		{2676B08C-B09F-4E21-8403-D77298F554D3} = {4007A832-D6CF-4359-ACCC-F288C9DDBF12}
		{A2F8C5E1-8A8D-4995-BE28-25B1C945054F} = {4007A832-D6CF-4359-ACCC-F288C9DDBF12}
		{3E6143AF-C72A-4F35-94A7-977912B7D897} = {4007A832-D6CF-4359-ACCC-F288C9DDBF12}
		{0DD81E8D-AC3C-4743-BCFC-38E8AB8E4FA8} = {6EC59A06-3CC2-4CAF-8191-9A68DB37EB10}
		{FBE8E343-413D-47BA-834C-9E07ACB8EE52} = {6EC59A06-3CC2-4CAF-8191-9A68DB37EB10}
	EndGlobalSection
	GlobalSection(ExtensibilityGlobals) = postSolution
		SolutionGuid = {FE7F104D-CAB7-4557-A20C-36DCC12DBA63}
	EndGlobalSection
EndGlobal
